// !$*UTF8*$!
{
	archiveVersion = 1;
	classes = {
	};
	objectVersion = 46;
	objects = {

/* Begin PBXBuildFile section */
		4A1738191A8D102E00DB0A0A /* JPAttributedStringSpec.m in Sources */ = {isa = PBXBuildFile; fileRef = 4A1738181A8D102E00DB0A0A /* JPAttributedStringSpec.m */; };
		4AA94A051BCEDD2D00D9C392 /* Images.xcassets in Resources */ = {isa = PBXBuildFile; fileRef = 4AA949FA1BCEDD2D00D9C392 /* Images.xcassets */; settings = {ASSET_TAGS = (); }; };
		4AA94A061BCEDD2D00D9C392 /* JPAppDelegate.m in Sources */ = {isa = PBXBuildFile; fileRef = 4AA949FC1BCEDD2D00D9C392 /* JPAppDelegate.m */; settings = {ASSET_TAGS = (); }; };
		4AA94A081BCEDD2D00D9C392 /* JPViewController.m in Sources */ = {isa = PBXBuildFile; fileRef = 4AA94A001BCEDD2D00D9C392 /* JPViewController.m */; settings = {ASSET_TAGS = (); }; };
		4AA94A091BCEDD2D00D9C392 /* main.m in Sources */ = {isa = PBXBuildFile; fileRef = 4AA94A011BCEDD2D00D9C392 /* main.m */; settings = {ASSET_TAGS = (); }; };
		4AA94A141BCEEB2000D9C392 /* Main_iPad.storyboard in Resources */ = {isa = PBXBuildFile; fileRef = 4AA94A101BCEEAE900D9C392 /* Main_iPad.storyboard */; };
		4AA94A151BCEEB2000D9C392 /* Main_iPhone.storyboard in Resources */ = {isa = PBXBuildFile; fileRef = 4AA94A131BCEEAF000D9C392 /* Main_iPhone.storyboard */; };
		4AA94A271BCEF1EA00D9C392 /* JPStringAttribute.m in Sources */ = {isa = PBXBuildFile; fileRef = 4AA94A1A1BCEF1EA00D9C392 /* JPStringAttribute.m */; settings = {ASSET_TAGS = (); }; };
		4AA94A281BCEF1EA00D9C392 /* NSAttributedString+JPAttributedString.m in Sources */ = {isa = PBXBuildFile; fileRef = 4AA94A1C1BCEF1EA00D9C392 /* NSAttributedString+JPAttributedString.m */; settings = {ASSET_TAGS = (); }; };
		4AA94A291BCEF1EA00D9C392 /* NSString+JPAttributedString.m in Sources */ = {isa = PBXBuildFile; fileRef = 4AA94A1E1BCEF1EA00D9C392 /* NSString+JPAttributedString.m */; settings = {ASSET_TAGS = (); }; };
		4AA94A2A1BCEF1EA00D9C392 /* UIButton+JPAttributedString.m in Sources */ = {isa = PBXBuildFile; fileRef = 4AA94A201BCEF1EA00D9C392 /* UIButton+JPAttributedString.m */; settings = {ASSET_TAGS = (); }; };
		4AA94A2B1BCEF1EA00D9C392 /* UILabel+JPAttributedString.m in Sources */ = {isa = PBXBuildFile; fileRef = 4AA94A221BCEF1EA00D9C392 /* UILabel+JPAttributedString.m */; settings = {ASSET_TAGS = (); }; };
		4AA94A2C1BCEF1EA00D9C392 /* UITextField+JPAttributedString.m in Sources */ = {isa = PBXBuildFile; fileRef = 4AA94A241BCEF1EA00D9C392 /* UITextField+JPAttributedString.m */; settings = {ASSET_TAGS = (); }; };
		4AA94A2D1BCEF1EA00D9C392 /* UITextView+JPAttributedString.m in Sources */ = {isa = PBXBuildFile; fileRef = 4AA94A261BCEF1EA00D9C392 /* UITextView+JPAttributedString.m */; settings = {ASSET_TAGS = (); }; };
		4AA94A5E1BCEFCCA00D9C392 /* JPStringAttribute.m in Sources */ = {isa = PBXBuildFile; fileRef = 4AA94A1A1BCEF1EA00D9C392 /* JPStringAttribute.m */; };
		4AA94A5F1BCEFCCA00D9C392 /* NSAttributedString+JPAttributedString.m in Sources */ = {isa = PBXBuildFile; fileRef = 4AA94A1C1BCEF1EA00D9C392 /* NSAttributedString+JPAttributedString.m */; };
		4AA94A601BCEFCCA00D9C392 /* NSString+JPAttributedString.m in Sources */ = {isa = PBXBuildFile; fileRef = 4AA94A1E1BCEF1EA00D9C392 /* NSString+JPAttributedString.m */; };
		4AA94A611BCEFCCA00D9C392 /* UIButton+JPAttributedString.m in Sources */ = {isa = PBXBuildFile; fileRef = 4AA94A201BCEF1EA00D9C392 /* UIButton+JPAttributedString.m */; };
		4AA94A621BCEFCCA00D9C392 /* UILabel+JPAttributedString.m in Sources */ = {isa = PBXBuildFile; fileRef = 4AA94A221BCEF1EA00D9C392 /* UILabel+JPAttributedString.m */; };
		4AA94A631BCEFCCA00D9C392 /* UITextField+JPAttributedString.m in Sources */ = {isa = PBXBuildFile; fileRef = 4AA94A241BCEF1EA00D9C392 /* UITextField+JPAttributedString.m */; };
		4AA94A641BCEFCCA00D9C392 /* UITextView+JPAttributedString.m in Sources */ = {isa = PBXBuildFile; fileRef = 4AA94A261BCEF1EA00D9C392 /* UITextView+JPAttributedString.m */; };
		4ADEF2EC1BD0438400E3C6B8 /* JPAttributedString.h in Headers */ = {isa = PBXBuildFile; fileRef = 4AA94A181BCEF1EA00D9C392 /* JPAttributedString.h */; settings = {ATTRIBUTES = (Public, ); }; };
		4AEA60C21BCEFD8000D8C3A9 /* JPStringAttribute.h in Headers */ = {isa = PBXBuildFile; fileRef = 4AA94A191BCEF1EA00D9C392 /* JPStringAttribute.h */; settings = {ATTRIBUTES = (Public, ); }; };
		4AEA60C31BCEFD8000D8C3A9 /* NSAttributedString+JPAttributedString.h in Headers */ = {isa = PBXBuildFile; fileRef = 4AA94A1B1BCEF1EA00D9C392 /* NSAttributedString+JPAttributedString.h */; settings = {ATTRIBUTES = (Public, ); }; };
		4AEA60C41BCEFD8000D8C3A9 /* NSString+JPAttributedString.h in Headers */ = {isa = PBXBuildFile; fileRef = 4AA94A1D1BCEF1EA00D9C392 /* NSString+JPAttributedString.h */; settings = {ATTRIBUTES = (Public, ); }; };
		4AEA60C51BCEFD8000D8C3A9 /* UIButton+JPAttributedString.h in Headers */ = {isa = PBXBuildFile; fileRef = 4AA94A1F1BCEF1EA00D9C392 /* UIButton+JPAttributedString.h */; settings = {ATTRIBUTES = (Public, ); }; };
		4AEA60C61BCEFD8000D8C3A9 /* UILabel+JPAttributedString.h in Headers */ = {isa = PBXBuildFile; fileRef = 4AA94A211BCEF1EA00D9C392 /* UILabel+JPAttributedString.h */; settings = {ATTRIBUTES = (Public, ); }; };
		4AEA60C71BCEFD8000D8C3A9 /* UITextField+JPAttributedString.h in Headers */ = {isa = PBXBuildFile; fileRef = 4AA94A231BCEF1EA00D9C392 /* UITextField+JPAttributedString.h */; settings = {ATTRIBUTES = (Public, ); }; };
		4AEA60C81BCEFD8000D8C3A9 /* UITextView+JPAttributedString.h in Headers */ = {isa = PBXBuildFile; fileRef = 4AA94A251BCEF1EA00D9C392 /* UITextView+JPAttributedString.h */; settings = {ATTRIBUTES = (Public, ); }; };
		6003F58E195388D20070C39A /* Foundation.framework in Frameworks */ = {isa = PBXBuildFile; fileRef = 6003F58D195388D20070C39A /* Foundation.framework */; };
		6003F590195388D20070C39A /* CoreGraphics.framework in Frameworks */ = {isa = PBXBuildFile; fileRef = 6003F58F195388D20070C39A /* CoreGraphics.framework */; };
		6003F592195388D20070C39A /* UIKit.framework in Frameworks */ = {isa = PBXBuildFile; fileRef = 6003F591195388D20070C39A /* UIKit.framework */; };
		6003F5B0195388D20070C39A /* XCTest.framework in Frameworks */ = {isa = PBXBuildFile; fileRef = 6003F5AF195388D20070C39A /* XCTest.framework */; };
		6003F5B1195388D20070C39A /* Foundation.framework in Frameworks */ = {isa = PBXBuildFile; fileRef = 6003F58D195388D20070C39A /* Foundation.framework */; };
		6003F5B2195388D20070C39A /* UIKit.framework in Frameworks */ = {isa = PBXBuildFile; fileRef = 6003F591195388D20070C39A /* UIKit.framework */; };
		A67C4BC5D3861D25BB252225 /* libPods-Tests.a in Frameworks */ = {isa = PBXBuildFile; fileRef = A000CE39E390B6F71CB48318 /* libPods-Tests.a */; };
/* End PBXBuildFile section */

/* Begin PBXContainerItemProxy section */
		6003F5B3195388D20070C39A /* PBXContainerItemProxy */ = {
			isa = PBXContainerItemProxy;
			containerPortal = 6003F582195388D10070C39A /* Project object */;
			proxyType = 1;
			remoteGlobalIDString = 6003F589195388D20070C39A;
			remoteInfo = JPAttributedString;
		};
/* End PBXContainerItemProxy section */

/* Begin PBXFileReference section */
		4A1738181A8D102E00DB0A0A /* JPAttributedStringSpec.m */ = {isa = PBXFileReference; fileEncoding = 4; lastKnownFileType = sourcecode.c.objc; path = JPAttributedStringSpec.m; sourceTree = "<group>"; };
		4AA949FA1BCEDD2D00D9C392 /* Images.xcassets */ = {isa = PBXFileReference; lastKnownFileType = folder.assetcatalog; name = Images.xcassets; path = Example/Images.xcassets; sourceTree = SOURCE_ROOT; };
		4AA949FB1BCEDD2D00D9C392 /* JPAppDelegate.h */ = {isa = PBXFileReference; fileEncoding = 4; lastKnownFileType = sourcecode.c.h; name = JPAppDelegate.h; path = Example/JPAppDelegate.h; sourceTree = SOURCE_ROOT; };
		4AA949FC1BCEDD2D00D9C392 /* JPAppDelegate.m */ = {isa = PBXFileReference; fileEncoding = 4; lastKnownFileType = sourcecode.c.objc; name = JPAppDelegate.m; path = Example/JPAppDelegate.m; sourceTree = SOURCE_ROOT; };
		4AA949FD1BCEDD2D00D9C392 /* JPAttributedString-Info.plist */ = {isa = PBXFileReference; fileEncoding = 4; lastKnownFileType = text.plist.xml; name = "JPAttributedString-Info.plist"; path = "Example/JPAttributedString-Info.plist"; sourceTree = SOURCE_ROOT; };
		4AA949FE1BCEDD2D00D9C392 /* JPAttributedString-Prefix.pch */ = {isa = PBXFileReference; fileEncoding = 4; lastKnownFileType = sourcecode.c.h; name = "JPAttributedString-Prefix.pch"; path = "Example/JPAttributedString-Prefix.pch"; sourceTree = SOURCE_ROOT; };
		4AA949FF1BCEDD2D00D9C392 /* JPViewController.h */ = {isa = PBXFileReference; fileEncoding = 4; lastKnownFileType = sourcecode.c.h; name = JPViewController.h; path = Example/JPViewController.h; sourceTree = SOURCE_ROOT; };
		4AA94A001BCEDD2D00D9C392 /* JPViewController.m */ = {isa = PBXFileReference; fileEncoding = 4; lastKnownFileType = sourcecode.c.objc; name = JPViewController.m; path = Example/JPViewController.m; sourceTree = SOURCE_ROOT; };
		4AA94A011BCEDD2D00D9C392 /* main.m */ = {isa = PBXFileReference; fileEncoding = 4; lastKnownFileType = sourcecode.c.objc; name = main.m; path = Example/main.m; sourceTree = SOURCE_ROOT; };
		4AA94A0F1BCEEAE900D9C392 /* Base */ = {isa = PBXFileReference; lastKnownFileType = file.storyboard; name = Base; path = Base.lproj/Main_iPad.storyboard; sourceTree = "<group>"; };
		4AA94A121BCEEAF000D9C392 /* Base */ = {isa = PBXFileReference; lastKnownFileType = file.storyboard; name = Base; path = Base.lproj/Main_iPhone.storyboard; sourceTree = "<group>"; };
		4AA94A181BCEF1EA00D9C392 /* JPAttributedString.h */ = {isa = PBXFileReference; fileEncoding = 4; lastKnownFileType = sourcecode.c.h; path = JPAttributedString.h; sourceTree = "<group>"; };
		4AA94A191BCEF1EA00D9C392 /* JPStringAttribute.h */ = {isa = PBXFileReference; fileEncoding = 4; lastKnownFileType = sourcecode.c.h; path = JPStringAttribute.h; sourceTree = "<group>"; };
		4AA94A1A1BCEF1EA00D9C392 /* JPStringAttribute.m */ = {isa = PBXFileReference; fileEncoding = 4; lastKnownFileType = sourcecode.c.objc; path = JPStringAttribute.m; sourceTree = "<group>"; };
		4AA94A1B1BCEF1EA00D9C392 /* NSAttributedString+JPAttributedString.h */ = {isa = PBXFileReference; fileEncoding = 4; lastKnownFileType = sourcecode.c.h; path = "NSAttributedString+JPAttributedString.h"; sourceTree = "<group>"; };
		4AA94A1C1BCEF1EA00D9C392 /* NSAttributedString+JPAttributedString.m */ = {isa = PBXFileReference; fileEncoding = 4; lastKnownFileType = sourcecode.c.objc; path = "NSAttributedString+JPAttributedString.m"; sourceTree = "<group>"; };
		4AA94A1D1BCEF1EA00D9C392 /* NSString+JPAttributedString.h */ = {isa = PBXFileReference; fileEncoding = 4; lastKnownFileType = sourcecode.c.h; path = "NSString+JPAttributedString.h"; sourceTree = "<group>"; };
		4AA94A1E1BCEF1EA00D9C392 /* NSString+JPAttributedString.m */ = {isa = PBXFileReference; fileEncoding = 4; lastKnownFileType = sourcecode.c.objc; path = "NSString+JPAttributedString.m"; sourceTree = "<group>"; };
		4AA94A1F1BCEF1EA00D9C392 /* UIButton+JPAttributedString.h */ = {isa = PBXFileReference; fileEncoding = 4; lastKnownFileType = sourcecode.c.h; path = "UIButton+JPAttributedString.h"; sourceTree = "<group>"; };
		4AA94A201BCEF1EA00D9C392 /* UIButton+JPAttributedString.m */ = {isa = PBXFileReference; fileEncoding = 4; lastKnownFileType = sourcecode.c.objc; path = "UIButton+JPAttributedString.m"; sourceTree = "<group>"; };
		4AA94A211BCEF1EA00D9C392 /* UILabel+JPAttributedString.h */ = {isa = PBXFileReference; fileEncoding = 4; lastKnownFileType = sourcecode.c.h; path = "UILabel+JPAttributedString.h"; sourceTree = "<group>"; };
		4AA94A221BCEF1EA00D9C392 /* UILabel+JPAttributedString.m */ = {isa = PBXFileReference; fileEncoding = 4; lastKnownFileType = sourcecode.c.objc; path = "UILabel+JPAttributedString.m"; sourceTree = "<group>"; };
		4AA94A231BCEF1EA00D9C392 /* UITextField+JPAttributedString.h */ = {isa = PBXFileReference; fileEncoding = 4; lastKnownFileType = sourcecode.c.h; path = "UITextField+JPAttributedString.h"; sourceTree = "<group>"; };
		4AA94A241BCEF1EA00D9C392 /* UITextField+JPAttributedString.m */ = {isa = PBXFileReference; fileEncoding = 4; lastKnownFileType = sourcecode.c.objc; path = "UITextField+JPAttributedString.m"; sourceTree = "<group>"; };
		4AA94A251BCEF1EA00D9C392 /* UITextView+JPAttributedString.h */ = {isa = PBXFileReference; fileEncoding = 4; lastKnownFileType = sourcecode.c.h; path = "UITextView+JPAttributedString.h"; sourceTree = "<group>"; };
		4AA94A261BCEF1EA00D9C392 /* UITextView+JPAttributedString.m */ = {isa = PBXFileReference; fileEncoding = 4; lastKnownFileType = sourcecode.c.objc; path = "UITextView+JPAttributedString.m"; sourceTree = "<group>"; };
		4AA94A561BCEFCB300D9C392 /* JPAttributedString.framework */ = {isa = PBXFileReference; explicitFileType = wrapper.framework; includeInIndex = 0; path = JPAttributedString.framework; sourceTree = BUILT_PRODUCTS_DIR; };
		4AA94A5A1BCEFCB300D9C392 /* Info.plist */ = {isa = PBXFileReference; lastKnownFileType = text.plist.xml; path = Info.plist; sourceTree = "<group>"; };
		4D5BA949B08B3BA012C28D79 /* Pods-Tests.debug.xcconfig */ = {isa = PBXFileReference; includeInIndex = 1; lastKnownFileType = text.xcconfig; name = "Pods-Tests.debug.xcconfig"; path = "Pods/Target Support Files/Pods-Tests/Pods-Tests.debug.xcconfig"; sourceTree = "<group>"; };
		6003F58A195388D20070C39A /* JPAttributedString-Example.app */ = {isa = PBXFileReference; explicitFileType = wrapper.application; includeInIndex = 0; path = "JPAttributedString-Example.app"; sourceTree = BUILT_PRODUCTS_DIR; };
		6003F58D195388D20070C39A /* Foundation.framework */ = {isa = PBXFileReference; lastKnownFileType = wrapper.framework; name = Foundation.framework; path = System/Library/Frameworks/Foundation.framework; sourceTree = SDKROOT; };
		6003F58F195388D20070C39A /* CoreGraphics.framework */ = {isa = PBXFileReference; lastKnownFileType = wrapper.framework; name = CoreGraphics.framework; path = System/Library/Frameworks/CoreGraphics.framework; sourceTree = SDKROOT; };
		6003F591195388D20070C39A /* UIKit.framework */ = {isa = PBXFileReference; lastKnownFileType = wrapper.framework; name = UIKit.framework; path = System/Library/Frameworks/UIKit.framework; sourceTree = SDKROOT; };
		6003F5A0195388D20070C39A /* Base */ = {isa = PBXFileReference; lastKnownFileType = file.storyboard; name = Base; path = Base.lproj/Main_iPhone.storyboard; sourceTree = "<group>"; };
		6003F5A3195388D20070C39A /* Base */ = {isa = PBXFileReference; lastKnownFileType = file.storyboard; name = Base; path = Base.lproj/Main_iPad.storyboard; sourceTree = "<group>"; };
		6003F5AE195388D20070C39A /* Tests.xctest */ = {isa = PBXFileReference; explicitFileType = wrapper.cfbundle; includeInIndex = 0; path = Tests.xctest; sourceTree = BUILT_PRODUCTS_DIR; };
		6003F5AF195388D20070C39A /* XCTest.framework */ = {isa = PBXFileReference; lastKnownFileType = wrapper.framework; name = XCTest.framework; path = Library/Frameworks/XCTest.framework; sourceTree = DEVELOPER_DIR; };
		6003F5B7195388D20070C39A /* Tests-Info.plist */ = {isa = PBXFileReference; lastKnownFileType = text.plist.xml; path = "Tests-Info.plist"; sourceTree = "<group>"; };
		606FC2411953D9B200FFA9A0 /* Tests-Prefix.pch */ = {isa = PBXFileReference; lastKnownFileType = sourcecode.c.h; path = "Tests-Prefix.pch"; sourceTree = "<group>"; };
		A000CE39E390B6F71CB48318 /* libPods-Tests.a */ = {isa = PBXFileReference; explicitFileType = archive.ar; includeInIndex = 0; path = "libPods-Tests.a"; sourceTree = BUILT_PRODUCTS_DIR; };
		FD2C387BF8EDFFDA5CF9B102 /* Pods-Tests.release.xcconfig */ = {isa = PBXFileReference; includeInIndex = 1; lastKnownFileType = text.xcconfig; name = "Pods-Tests.release.xcconfig"; path = "Pods/Target Support Files/Pods-Tests/Pods-Tests.release.xcconfig"; sourceTree = "<group>"; };
/* End PBXFileReference section */

/* Begin PBXFrameworksBuildPhase section */
		4AA94A521BCEFCB300D9C392 /* Frameworks */ = {
			isa = PBXFrameworksBuildPhase;
			buildActionMask = 2147483647;
			files = (
			);
			runOnlyForDeploymentPostprocessing = 0;
		};
		6003F587195388D20070C39A /* Frameworks */ = {
			isa = PBXFrameworksBuildPhase;
			buildActionMask = 2147483647;
			files = (
				6003F590195388D20070C39A /* CoreGraphics.framework in Frameworks */,
				6003F592195388D20070C39A /* UIKit.framework in Frameworks */,
				6003F58E195388D20070C39A /* Foundation.framework in Frameworks */,
			);
			runOnlyForDeploymentPostprocessing = 0;
		};
		6003F5AB195388D20070C39A /* Frameworks */ = {
			isa = PBXFrameworksBuildPhase;
			buildActionMask = 2147483647;
			files = (
				6003F5B0195388D20070C39A /* XCTest.framework in Frameworks */,
				6003F5B2195388D20070C39A /* UIKit.framework in Frameworks */,
				6003F5B1195388D20070C39A /* Foundation.framework in Frameworks */,
				A67C4BC5D3861D25BB252225 /* libPods-Tests.a in Frameworks */,
			);
			runOnlyForDeploymentPostprocessing = 0;
		};
/* End PBXFrameworksBuildPhase section */

/* Begin PBXGroup section */
		4AA94A171BCEF1EA00D9C392 /* Classes */ = {
			isa = PBXGroup;
			children = (
				4AA94A181BCEF1EA00D9C392 /* JPAttributedString.h */,
				4AA94A191BCEF1EA00D9C392 /* JPStringAttribute.h */,
				4AA94A1A1BCEF1EA00D9C392 /* JPStringAttribute.m */,
				4AA94A1B1BCEF1EA00D9C392 /* NSAttributedString+JPAttributedString.h */,
				4AA94A1C1BCEF1EA00D9C392 /* NSAttributedString+JPAttributedString.m */,
				4AA94A1D1BCEF1EA00D9C392 /* NSString+JPAttributedString.h */,
				4AA94A1E1BCEF1EA00D9C392 /* NSString+JPAttributedString.m */,
				4AA94A1F1BCEF1EA00D9C392 /* UIButton+JPAttributedString.h */,
				4AA94A201BCEF1EA00D9C392 /* UIButton+JPAttributedString.m */,
				4AA94A211BCEF1EA00D9C392 /* UILabel+JPAttributedString.h */,
				4AA94A221BCEF1EA00D9C392 /* UILabel+JPAttributedString.m */,
				4AA94A231BCEF1EA00D9C392 /* UITextField+JPAttributedString.h */,
				4AA94A241BCEF1EA00D9C392 /* UITextField+JPAttributedString.m */,
				4AA94A251BCEF1EA00D9C392 /* UITextView+JPAttributedString.h */,
				4AA94A261BCEF1EA00D9C392 /* UITextView+JPAttributedString.m */,
			);
			path = Classes;
			sourceTree = "<group>";
		};
		4AA94A571BCEFCB300D9C392 /* JPAttributedString */ = {
			isa = PBXGroup;
			children = (
				4AA94A171BCEF1EA00D9C392 /* Classes */,
				4AA94A5A1BCEFCB300D9C392 /* Info.plist */,
			);
			path = JPAttributedString;
			sourceTree = "<group>";
		};
		6003F581195388D10070C39A = {
			isa = PBXGroup;
			children = (
				6003F593195388D20070C39A /* Example */,
				6003F5B5195388D20070C39A /* Tests */,
				4AA94A571BCEFCB300D9C392 /* JPAttributedString */,
				6003F58C195388D20070C39A /* Frameworks */,
				6003F58B195388D20070C39A /* Products */,
				706D10B419750AA81AD2AFE4 /* Pods */,
			);
			sourceTree = "<group>";
		};
		6003F58B195388D20070C39A /* Products */ = {
			isa = PBXGroup;
			children = (
				6003F58A195388D20070C39A /* JPAttributedString-Example.app */,
				6003F5AE195388D20070C39A /* Tests.xctest */,
				4AA94A561BCEFCB300D9C392 /* JPAttributedString.framework */,
			);
			name = Products;
			sourceTree = "<group>";
		};
		6003F58C195388D20070C39A /* Frameworks */ = {
			isa = PBXGroup;
			children = (
				6003F58D195388D20070C39A /* Foundation.framework */,
				6003F58F195388D20070C39A /* CoreGraphics.framework */,
				6003F591195388D20070C39A /* UIKit.framework */,
				6003F5AF195388D20070C39A /* XCTest.framework */,
				A000CE39E390B6F71CB48318 /* libPods-Tests.a */,
			);
			name = Frameworks;
			sourceTree = "<group>";
		};
		6003F593195388D20070C39A /* Example */ = {
			isa = PBXGroup;
			children = (
				4AA94A101BCEEAE900D9C392 /* Main_iPad.storyboard */,
				4AA94A131BCEEAF000D9C392 /* Main_iPhone.storyboard */,
				4AA949FA1BCEDD2D00D9C392 /* Images.xcassets */,
				4AA949FB1BCEDD2D00D9C392 /* JPAppDelegate.h */,
				4AA949FC1BCEDD2D00D9C392 /* JPAppDelegate.m */,
				4AA949FF1BCEDD2D00D9C392 /* JPViewController.h */,
				4AA94A001BCEDD2D00D9C392 /* JPViewController.m */,
				4AA94A011BCEDD2D00D9C392 /* main.m */,
				6003F59F195388D20070C39A /* Main_iPhone.storyboard */,
				6003F5A2195388D20070C39A /* Main_iPad.storyboard */,
				6003F594195388D20070C39A /* Supporting Files */,
			);
			name = Example;
			path = JPAttributedString;
			sourceTree = "<group>";
		};
		6003F594195388D20070C39A /* Supporting Files */ = {
			isa = PBXGroup;
			children = (
				4AA949FD1BCEDD2D00D9C392 /* JPAttributedString-Info.plist */,
				4AA949FE1BCEDD2D00D9C392 /* JPAttributedString-Prefix.pch */,
			);
			name = "Supporting Files";
			sourceTree = "<group>";
		};
		6003F5B5195388D20070C39A /* Tests */ = {
			isa = PBXGroup;
			children = (
				4A1738181A8D102E00DB0A0A /* JPAttributedStringSpec.m */,
				6003F5B6195388D20070C39A /* Supporting Files */,
			);
			path = Tests;
			sourceTree = "<group>";
		};
		6003F5B6195388D20070C39A /* Supporting Files */ = {
			isa = PBXGroup;
			children = (
				6003F5B7195388D20070C39A /* Tests-Info.plist */,
				606FC2411953D9B200FFA9A0 /* Tests-Prefix.pch */,
			);
			name = "Supporting Files";
			sourceTree = "<group>";
		};
		706D10B419750AA81AD2AFE4 /* Pods */ = {
			isa = PBXGroup;
			children = (
				4D5BA949B08B3BA012C28D79 /* Pods-Tests.debug.xcconfig */,
				FD2C387BF8EDFFDA5CF9B102 /* Pods-Tests.release.xcconfig */,
			);
			name = Pods;
			sourceTree = "<group>";
		};
/* End PBXGroup section */

/* Begin PBXHeadersBuildPhase section */
		4AA94A531BCEFCB300D9C392 /* Headers */ = {
			isa = PBXHeadersBuildPhase;
			buildActionMask = 2147483647;
			files = (
				4ADEF2EC1BD0438400E3C6B8 /* JPAttributedString.h in Headers */,
				4AEA60C21BCEFD8000D8C3A9 /* JPStringAttribute.h in Headers */,
				4AEA60C31BCEFD8000D8C3A9 /* NSAttributedString+JPAttributedString.h in Headers */,
				4AEA60C41BCEFD8000D8C3A9 /* NSString+JPAttributedString.h in Headers */,
				4AEA60C51BCEFD8000D8C3A9 /* UIButton+JPAttributedString.h in Headers */,
				4AEA60C61BCEFD8000D8C3A9 /* UILabel+JPAttributedString.h in Headers */,
				4AEA60C71BCEFD8000D8C3A9 /* UITextField+JPAttributedString.h in Headers */,
				4AEA60C81BCEFD8000D8C3A9 /* UITextView+JPAttributedString.h in Headers */,
			);
			runOnlyForDeploymentPostprocessing = 0;
		};
/* End PBXHeadersBuildPhase section */

/* Begin PBXNativeTarget section */
		4AA94A551BCEFCB300D9C392 /* JPAttributedString */ = {
			isa = PBXNativeTarget;
			buildConfigurationList = 4AA94A5B1BCEFCB300D9C392 /* Build configuration list for PBXNativeTarget "JPAttributedString" */;
			buildPhases = (
				4AA94A511BCEFCB300D9C392 /* Sources */,
				4AA94A521BCEFCB300D9C392 /* Frameworks */,
				4AA94A531BCEFCB300D9C392 /* Headers */,
				4AA94A541BCEFCB300D9C392 /* Resources */,
			);
			buildRules = (
			);
			dependencies = (
			);
			name = JPAttributedString;
			productName = JPAttributedString;
			productReference = 4AA94A561BCEFCB300D9C392 /* JPAttributedString.framework */;
			productType = "com.apple.product-type.framework";
		};
		6003F589195388D20070C39A /* JPAttributedString-Example */ = {
			isa = PBXNativeTarget;
			buildConfigurationList = 6003F5BF195388D20070C39A /* Build configuration list for PBXNativeTarget "JPAttributedString-Example" */;
			buildPhases = (
				6003F586195388D20070C39A /* Sources */,
				6003F587195388D20070C39A /* Frameworks */,
				6003F588195388D20070C39A /* Resources */,
			);
			buildRules = (
			);
			dependencies = (
			);
			name = "JPAttributedString-Example";
			productName = JPAttributedString;
			productReference = 6003F58A195388D20070C39A /* JPAttributedString-Example.app */;
			productType = "com.apple.product-type.application";
		};
		6003F5AD195388D20070C39A /* Tests */ = {
			isa = PBXNativeTarget;
			buildConfigurationList = 6003F5C2195388D20070C39A /* Build configuration list for PBXNativeTarget "Tests" */;
			buildPhases = (
				7F615B16003F304CCC9F1E2E /* Check Pods Manifest.lock */,
				6003F5AA195388D20070C39A /* Sources */,
				6003F5AB195388D20070C39A /* Frameworks */,
				6003F5AC195388D20070C39A /* Resources */,
				6B80999A041C926BE038639E /* Copy Pods Resources */,
				07B52AD5AA5C24FFDB84F7AB /* Embed Pods Frameworks */,
			);
			buildRules = (
			);
			dependencies = (
				6003F5B4195388D20070C39A /* PBXTargetDependency */,
			);
			name = Tests;
			productName = JPAttributedStringTests;
			productReference = 6003F5AE195388D20070C39A /* Tests.xctest */;
			productType = "com.apple.product-type.bundle.unit-test";
		};
/* End PBXNativeTarget section */

/* Begin PBXProject section */
		6003F582195388D10070C39A /* Project object */ = {
			isa = PBXProject;
			attributes = {
				CLASSPREFIX = JP;
				LastUpgradeCheck = 0510;
				ORGANIZATIONNAME = "James Paolantonio";
				TargetAttributes = {
					4AA94A551BCEFCB300D9C392 = {
						CreatedOnToolsVersion = 7.0.1;
					};
					6003F5AD195388D20070C39A = {
						TestTargetID = 6003F589195388D20070C39A;
					};
				};
			};
			buildConfigurationList = 6003F585195388D10070C39A /* Build configuration list for PBXProject "JPAttributedString" */;
			compatibilityVersion = "Xcode 3.2";
			developmentRegion = English;
			hasScannedForEncodings = 0;
			knownRegions = (
				en,
				Base,
			);
			mainGroup = 6003F581195388D10070C39A;
			productRefGroup = 6003F58B195388D20070C39A /* Products */;
			projectDirPath = "";
			projectRoot = "";
			targets = (
				6003F589195388D20070C39A /* JPAttributedString-Example */,
				4AA94A551BCEFCB300D9C392 /* JPAttributedString */,
				6003F5AD195388D20070C39A /* Tests */,
			);
		};
/* End PBXProject section */

/* Begin PBXResourcesBuildPhase section */
		4AA94A541BCEFCB300D9C392 /* Resources */ = {
			isa = PBXResourcesBuildPhase;
			buildActionMask = 2147483647;
			files = (
			);
			runOnlyForDeploymentPostprocessing = 0;
		};
		6003F588195388D20070C39A /* Resources */ = {
			isa = PBXResourcesBuildPhase;
			buildActionMask = 2147483647;
			files = (
				4AA94A141BCEEB2000D9C392 /* Main_iPad.storyboard in Resources */,
				4AA94A151BCEEB2000D9C392 /* Main_iPhone.storyboard in Resources */,
				4AA94A051BCEDD2D00D9C392 /* Images.xcassets in Resources */,
			);
			runOnlyForDeploymentPostprocessing = 0;
		};
		6003F5AC195388D20070C39A /* Resources */ = {
			isa = PBXResourcesBuildPhase;
			buildActionMask = 2147483647;
			files = (
			);
			runOnlyForDeploymentPostprocessing = 0;
		};
/* End PBXResourcesBuildPhase section */

/* Begin PBXShellScriptBuildPhase section */
		07B52AD5AA5C24FFDB84F7AB /* Embed Pods Frameworks */ = {
			isa = PBXShellScriptBuildPhase;
			buildActionMask = 2147483647;
			files = (
			);
			inputPaths = (
			);
			name = "Embed Pods Frameworks";
			outputPaths = (
			);
			runOnlyForDeploymentPostprocessing = 0;
			shellPath = /bin/sh;
			shellScript = "\"${SRCROOT}/Pods/Target Support Files/Pods-Tests/Pods-Tests-frameworks.sh\"\n";
			showEnvVarsInLog = 0;
		};
		6B80999A041C926BE038639E /* Copy Pods Resources */ = {
			isa = PBXShellScriptBuildPhase;
			buildActionMask = 2147483647;
			files = (
			);
			inputPaths = (
			);
			name = "Copy Pods Resources";
			outputPaths = (
			);
			runOnlyForDeploymentPostprocessing = 0;
			shellPath = /bin/sh;
			shellScript = "\"${SRCROOT}/Pods/Target Support Files/Pods-Tests/Pods-Tests-resources.sh\"\n";
			showEnvVarsInLog = 0;
		};
		7F615B16003F304CCC9F1E2E /* Check Pods Manifest.lock */ = {
			isa = PBXShellScriptBuildPhase;
			buildActionMask = 2147483647;
			files = (
			);
			inputPaths = (
			);
			name = "Check Pods Manifest.lock";
			outputPaths = (
			);
			runOnlyForDeploymentPostprocessing = 0;
			shellPath = /bin/sh;
			shellScript = "diff \"${PODS_ROOT}/../Podfile.lock\" \"${PODS_ROOT}/Manifest.lock\" > /dev/null\nif [[ $? != 0 ]] ; then\n    cat << EOM\nerror: The sandbox is not in sync with the Podfile.lock. Run 'pod install' or update your CocoaPods installation.\nEOM\n    exit 1\nfi\n";
			showEnvVarsInLog = 0;
		};
/* End PBXShellScriptBuildPhase section */

/* Begin PBXSourcesBuildPhase section */
		4AA94A511BCEFCB300D9C392 /* Sources */ = {
			isa = PBXSourcesBuildPhase;
			buildActionMask = 2147483647;
			files = (
				4AA94A5E1BCEFCCA00D9C392 /* JPStringAttribute.m in Sources */,
				4AA94A5F1BCEFCCA00D9C392 /* NSAttributedString+JPAttributedString.m in Sources */,
				4AA94A601BCEFCCA00D9C392 /* NSString+JPAttributedString.m in Sources */,
				4AA94A611BCEFCCA00D9C392 /* UIButton+JPAttributedString.m in Sources */,
				4AA94A621BCEFCCA00D9C392 /* UILabel+JPAttributedString.m in Sources */,
				4AA94A631BCEFCCA00D9C392 /* UITextField+JPAttributedString.m in Sources */,
				4AA94A641BCEFCCA00D9C392 /* UITextView+JPAttributedString.m in Sources */,
			);
			runOnlyForDeploymentPostprocessing = 0;
		};
		6003F586195388D20070C39A /* Sources */ = {
			isa = PBXSourcesBuildPhase;
			buildActionMask = 2147483647;
			files = (
				4AA94A2A1BCEF1EA00D9C392 /* UIButton+JPAttributedString.m in Sources */,
				4AA94A2B1BCEF1EA00D9C392 /* UILabel+JPAttributedString.m in Sources */,
				4AA94A2C1BCEF1EA00D9C392 /* UITextField+JPAttributedString.m in Sources */,
				4AA94A281BCEF1EA00D9C392 /* NSAttributedString+JPAttributedString.m in Sources */,
				4AA94A2D1BCEF1EA00D9C392 /* UITextView+JPAttributedString.m in Sources */,
				4AA94A081BCEDD2D00D9C392 /* JPViewController.m in Sources */,
				4AA94A291BCEF1EA00D9C392 /* NSString+JPAttributedString.m in Sources */,
				4AA94A091BCEDD2D00D9C392 /* main.m in Sources */,
				4AA94A061BCEDD2D00D9C392 /* JPAppDelegate.m in Sources */,
				4AA94A271BCEF1EA00D9C392 /* JPStringAttribute.m in Sources */,
			);
			runOnlyForDeploymentPostprocessing = 0;
		};
		6003F5AA195388D20070C39A /* Sources */ = {
			isa = PBXSourcesBuildPhase;
			buildActionMask = 2147483647;
			files = (
				4A1738191A8D102E00DB0A0A /* JPAttributedStringSpec.m in Sources */,
			);
			runOnlyForDeploymentPostprocessing = 0;
		};
/* End PBXSourcesBuildPhase section */

/* Begin PBXTargetDependency section */
		6003F5B4195388D20070C39A /* PBXTargetDependency */ = {
			isa = PBXTargetDependency;
			target = 6003F589195388D20070C39A /* JPAttributedString-Example */;
			targetProxy = 6003F5B3195388D20070C39A /* PBXContainerItemProxy */;
		};
/* End PBXTargetDependency section */

/* Begin PBXVariantGroup section */
		4AA94A101BCEEAE900D9C392 /* Main_iPad.storyboard */ = {
			isa = PBXVariantGroup;
			children = (
				4AA94A0F1BCEEAE900D9C392 /* Base */,
			);
			name = Main_iPad.storyboard;
			path = Example;
			sourceTree = SOURCE_ROOT;
		};
		4AA94A131BCEEAF000D9C392 /* Main_iPhone.storyboard */ = {
			isa = PBXVariantGroup;
			children = (
				4AA94A121BCEEAF000D9C392 /* Base */,
			);
			name = Main_iPhone.storyboard;
			path = Example;
			sourceTree = SOURCE_ROOT;
		};
		6003F59F195388D20070C39A /* Main_iPhone.storyboard */ = {
			isa = PBXVariantGroup;
			children = (
				6003F5A0195388D20070C39A /* Base */,
			);
			name = Main_iPhone.storyboard;
			sourceTree = "<group>";
		};
		6003F5A2195388D20070C39A /* Main_iPad.storyboard */ = {
			isa = PBXVariantGroup;
			children = (
				6003F5A3195388D20070C39A /* Base */,
			);
			name = Main_iPad.storyboard;
			sourceTree = "<group>";
		};
/* End PBXVariantGroup section */

/* Begin XCBuildConfiguration section */
		4AA94A5C1BCEFCB300D9C392 /* Debug */ = {
			isa = XCBuildConfiguration;
			buildSettings = {
				CLANG_WARN_UNREACHABLE_CODE = YES;
				CURRENT_PROJECT_VERSION = 1;
				DEBUG_INFORMATION_FORMAT = dwarf;
				DEFINES_MODULE = YES;
				DYLIB_COMPATIBILITY_VERSION = 1;
				DYLIB_CURRENT_VERSION = 1;
				DYLIB_INSTALL_NAME_BASE = "@rpath";
				ENABLE_STRICT_OBJC_MSGSEND = YES;
				ENABLE_TESTABILITY = YES;
				GCC_NO_COMMON_BLOCKS = YES;
				INFOPLIST_FILE = JPAttributedString/Info.plist;
				INSTALL_PATH = "$(LOCAL_LIBRARY_DIR)/Frameworks";
				IPHONEOS_DEPLOYMENT_TARGET = 9.0;
				LD_RUNPATH_SEARCH_PATHS = "$(inherited) @executable_path/Frameworks @loader_path/Frameworks";
				MTL_ENABLE_DEBUG_INFO = YES;
				PRODUCT_BUNDLE_IDENTIFIER = com.jpaol.JPAttributedString;
				PRODUCT_NAME = "$(TARGET_NAME)";
				SKIP_INSTALL = YES;
				VERSIONING_SYSTEM = "apple-generic";
				VERSION_INFO_PREFIX = "";
			};
			name = Debug;
		};
		4AA94A5D1BCEFCB300D9C392 /* Release */ = {
			isa = XCBuildConfiguration;
			buildSettings = {
				CLANG_WARN_UNREACHABLE_CODE = YES;
				COPY_PHASE_STRIP = NO;
				CURRENT_PROJECT_VERSION = 1;
				DEBUG_INFORMATION_FORMAT = "dwarf-with-dsym";
				DEFINES_MODULE = YES;
				DYLIB_COMPATIBILITY_VERSION = 1;
				DYLIB_CURRENT_VERSION = 1;
				DYLIB_INSTALL_NAME_BASE = "@rpath";
				ENABLE_STRICT_OBJC_MSGSEND = YES;
				GCC_NO_COMMON_BLOCKS = YES;
				INFOPLIST_FILE = JPAttributedString/Info.plist;
				INSTALL_PATH = "$(LOCAL_LIBRARY_DIR)/Frameworks";
				IPHONEOS_DEPLOYMENT_TARGET = 9.0;
				LD_RUNPATH_SEARCH_PATHS = "$(inherited) @executable_path/Frameworks @loader_path/Frameworks";
				MTL_ENABLE_DEBUG_INFO = NO;
				PRODUCT_BUNDLE_IDENTIFIER = com.jpaol.JPAttributedString;
				PRODUCT_NAME = "$(TARGET_NAME)";
				SKIP_INSTALL = YES;
				VERSIONING_SYSTEM = "apple-generic";
				VERSION_INFO_PREFIX = "";
			};
			name = Release;
		};
		6003F5BD195388D20070C39A /* Debug */ = {
			isa = XCBuildConfiguration;
			buildSettings = {
				ALWAYS_SEARCH_USER_PATHS = NO;
				CLANG_CXX_LANGUAGE_STANDARD = "gnu++0x";
				CLANG_CXX_LIBRARY = "libc++";
				CLANG_ENABLE_MODULES = YES;
				CLANG_ENABLE_OBJC_ARC = YES;
				CLANG_WARN_BOOL_CONVERSION = YES;
				CLANG_WARN_CONSTANT_CONVERSION = YES;
				CLANG_WARN_DIRECT_OBJC_ISA_USAGE = YES_ERROR;
				CLANG_WARN_EMPTY_BODY = YES;
				CLANG_WARN_ENUM_CONVERSION = YES;
				CLANG_WARN_INT_CONVERSION = YES;
				CLANG_WARN_OBJC_ROOT_CLASS = YES_ERROR;
				CLANG_WARN__DUPLICATE_METHOD_MATCH = YES;
				"CODE_SIGN_IDENTITY[sdk=iphoneos*]" = "iPhone Developer";
				COPY_PHASE_STRIP = NO;
				GCC_C_LANGUAGE_STANDARD = gnu99;
				GCC_DYNAMIC_NO_PIC = NO;
				GCC_OPTIMIZATION_LEVEL = 0;
				GCC_PREPROCESSOR_DEFINITIONS = (
					"DEBUG=1",
					"$(inherited)",
				);
				GCC_SYMBOLS_PRIVATE_EXTERN = NO;
				GCC_WARN_64_TO_32_BIT_CONVERSION = YES;
				GCC_WARN_ABOUT_RETURN_TYPE = YES_ERROR;
				GCC_WARN_UNDECLARED_SELECTOR = YES;
				GCC_WARN_UNINITIALIZED_AUTOS = YES_AGGRESSIVE;
				GCC_WARN_UNUSED_FUNCTION = YES;
				GCC_WARN_UNUSED_VARIABLE = YES;
				IPHONEOS_DEPLOYMENT_TARGET = 7.1;
				ONLY_ACTIVE_ARCH = YES;
				SDKROOT = iphoneos;
				TARGETED_DEVICE_FAMILY = "1,2";
			};
			name = Debug;
		};
		6003F5BE195388D20070C39A /* Release */ = {
			isa = XCBuildConfiguration;
			buildSettings = {
				ALWAYS_SEARCH_USER_PATHS = NO;
				CLANG_CXX_LANGUAGE_STANDARD = "gnu++0x";
				CLANG_CXX_LIBRARY = "libc++";
				CLANG_ENABLE_MODULES = YES;
				CLANG_ENABLE_OBJC_ARC = YES;
				CLANG_WARN_BOOL_CONVERSION = YES;
				CLANG_WARN_CONSTANT_CONVERSION = YES;
				CLANG_WARN_DIRECT_OBJC_ISA_USAGE = YES_ERROR;
				CLANG_WARN_EMPTY_BODY = YES;
				CLANG_WARN_ENUM_CONVERSION = YES;
				CLANG_WARN_INT_CONVERSION = YES;
				CLANG_WARN_OBJC_ROOT_CLASS = YES_ERROR;
				CLANG_WARN__DUPLICATE_METHOD_MATCH = YES;
				"CODE_SIGN_IDENTITY[sdk=iphoneos*]" = "iPhone Developer";
				COPY_PHASE_STRIP = YES;
				ENABLE_NS_ASSERTIONS = NO;
				GCC_C_LANGUAGE_STANDARD = gnu99;
				GCC_WARN_64_TO_32_BIT_CONVERSION = YES;
				GCC_WARN_ABOUT_RETURN_TYPE = YES_ERROR;
				GCC_WARN_UNDECLARED_SELECTOR = YES;
				GCC_WARN_UNINITIALIZED_AUTOS = YES_AGGRESSIVE;
				GCC_WARN_UNUSED_FUNCTION = YES;
				GCC_WARN_UNUSED_VARIABLE = YES;
				IPHONEOS_DEPLOYMENT_TARGET = 7.1;
				SDKROOT = iphoneos;
				TARGETED_DEVICE_FAMILY = "1,2";
				VALIDATE_PRODUCT = YES;
			};
			name = Release;
		};
		6003F5C0195388D20070C39A /* Debug */ = {
			isa = XCBuildConfiguration;
			buildSettings = {
				ASSETCATALOG_COMPILER_APPICON_NAME = AppIcon;
				ASSETCATALOG_COMPILER_LAUNCHIMAGE_NAME = LaunchImage;
				GCC_PRECOMPILE_PREFIX_HEADER = YES;
				GCC_PREFIX_HEADER = "Example/JPAttributedString-Prefix.pch";
				INFOPLIST_FILE = "Example/JPAttributedString-Info.plist";
				PRODUCT_NAME = "$(TARGET_NAME)";
				WRAPPER_EXTENSION = app;
			};
			name = Debug;
		};
		6003F5C1195388D20070C39A /* Release */ = {
			isa = XCBuildConfiguration;
			buildSettings = {
				ASSETCATALOG_COMPILER_APPICON_NAME = AppIcon;
				ASSETCATALOG_COMPILER_LAUNCHIMAGE_NAME = LaunchImage;
				GCC_PRECOMPILE_PREFIX_HEADER = YES;
				GCC_PREFIX_HEADER = "Example/JPAttributedString-Prefix.pch";
				INFOPLIST_FILE = "Example/JPAttributedString-Info.plist";
				PRODUCT_NAME = "$(TARGET_NAME)";
				WRAPPER_EXTENSION = app;
			};
			name = Release;
		};
		6003F5C3195388D20070C39A /* Debug */ = {
			isa = XCBuildConfiguration;
			baseConfigurationReference = 4D5BA949B08B3BA012C28D79 /* Pods-Tests.debug.xcconfig */;
			buildSettings = {
				BUNDLE_LOADER = "$(TEST_HOST)";
				FRAMEWORK_SEARCH_PATHS = (
					"$(SDKROOT)/Developer/Library/Frameworks",
					"$(inherited)",
					"$(DEVELOPER_FRAMEWORKS_DIR)",
				);
				GCC_PRECOMPILE_PREFIX_HEADER = YES;
				GCC_PREFIX_HEADER = "Tests/Tests-Prefix.pch";
				GCC_PREPROCESSOR_DEFINITIONS = (
					"DEBUG=1",
					"$(inherited)",
				);
				INFOPLIST_FILE = "Tests/Tests-Info.plist";
				PRODUCT_NAME = "$(TARGET_NAME)";
				TEST_HOST = "$(BUILT_PRODUCTS_DIR)/JPAttributedString-Example.app/JPAttributedString-Example";
				WRAPPER_EXTENSION = xctest;
			};
			name = Debug;
		};
		6003F5C4195388D20070C39A /* Release */ = {
			isa = XCBuildConfiguration;
			baseConfigurationReference = FD2C387BF8EDFFDA5CF9B102 /* Pods-Tests.release.xcconfig */;
			buildSettings = {
				BUNDLE_LOADER = "$(TEST_HOST)";
				FRAMEWORK_SEARCH_PATHS = (
					"$(SDKROOT)/Developer/Library/Frameworks",
					"$(inherited)",
					"$(DEVELOPER_FRAMEWORKS_DIR)",
				);
				GCC_PRECOMPILE_PREFIX_HEADER = YES;
				GCC_PREFIX_HEADER = "Tests/Tests-Prefix.pch";
				INFOPLIST_FILE = "Tests/Tests-Info.plist";
				PRODUCT_NAME = "$(TARGET_NAME)";
				TEST_HOST = "$(BUILT_PRODUCTS_DIR)/JPAttributedString-Example.app/JPAttributedString-Example";
				WRAPPER_EXTENSION = xctest;
			};
			name = Release;
		};
/* End XCBuildConfiguration section */

/* Begin XCConfigurationList section */
		4AA94A5B1BCEFCB300D9C392 /* Build configuration list for PBXNativeTarget "JPAttributedString" */ = {
			isa = XCConfigurationList;
			buildConfigurations = (
				4AA94A5C1BCEFCB300D9C392 /* Debug */,
				4AA94A5D1BCEFCB300D9C392 /* Release */,
			);
			defaultConfigurationIsVisible = 0;
			defaultConfigurationName = Release;
		};
		6003F585195388D10070C39A /* Build configuration list for PBXProject "JPAttributedString" */ = {
			isa = XCConfigurationList;
			buildConfigurations = (
				6003F5BD195388D20070C39A /* Debug */,
				6003F5BE195388D20070C39A /* Release */,
			);
			defaultConfigurationIsVisible = 0;
			defaultConfigurationName = Release;
		};
		6003F5BF195388D20070C39A /* Build configuration list for PBXNativeTarget "JPAttributedString-Example" */ = {
			isa = XCConfigurationList;
			buildConfigurations = (
				6003F5C0195388D20070C39A /* Debug */,
				6003F5C1195388D20070C39A /* Release */,
			);
			defaultConfigurationIsVisible = 0;
			defaultConfigurationName = Release;
		};
		6003F5C2195388D20070C39A /* Build configuration list for PBXNativeTarget "Tests" */ = {
			isa = XCConfigurationList;
			buildConfigurations = (
				6003F5C3195388D20070C39A /* Debug */,
				6003F5C4195388D20070C39A /* Release */,
			);
			defaultConfigurationIsVisible = 0;
			defaultConfigurationName = Release;
		};
/* End XCConfigurationList section */
	};
	rootObject = 6003F582195388D10070C39A /* Project object */;
}
