PODS:
  - Expecta (0.3.2)
  - JPAttributedString (0.1.2)
  - Specta (0.3.2)

DEPENDENCIES:
  - Expecta (~> 0.3.2)
  - JPAttributedString (from `../`)
  - Specta (~> 0.3.2)

EXTERNAL SOURCES:
  JPAttributedString:
    :path: ../

SPEC CHECKSUMS:
  Expecta: ee641011fe10aa1855d487b40e4976dac50ec342
  JPAttributedString: 329de9b6873fde2919656d57741d6f4de01d3ab9
  Specta: 698a58ffa5ec948327d3b92eab50ca58d7f4fbe8

COCOAPODS: 0.35.0
